// !$*UTF8*$!
{
	archiveVersion = 1;
	classes = {
	};
	objectVersion = 55;
	objects = {

/* Begin PBXBuildFile section */
		B71AABED273C332C009FDF0E /* CustomTextField.swift in Sources */ = {isa = PBXBuildFile; fileRef = B71AABEC273C332C009FDF0E /* CustomTextField.swift */; };
		B71AABF0273C3B51009FDF0E /* UIView.swift in Sources */ = {isa = PBXBuildFile; fileRef = B71AABEF273C3B51009FDF0E /* UIView.swift */; };
		B71AABF2273C3B7A009FDF0E /* UIButton.swift in Sources */ = {isa = PBXBuildFile; fileRef = B71AABF1273C3B7A009FDF0E /* UIButton.swift */; };
		B71AABF4273C40D4009FDF0E /* UIViewController.swift in Sources */ = {isa = PBXBuildFile; fileRef = B71AABF3273C40D4009FDF0E /* UIViewController.swift */; };
		B73CD7A52735C5E200845682 /* FeedCell.swift in Sources */ = {isa = PBXBuildFile; fileRef = B73CD7A42735C5E200845682 /* FeedCell.swift */; };
		B73CD7A72735C71D00845682 /* Extensions.swift in Sources */ = {isa = PBXBuildFile; fileRef = B73CD7A62735C71D00845682 /* Extensions.swift */; };
		B77F738E27348CA400400ECC /* AppDelegate.swift in Sources */ = {isa = PBXBuildFile; fileRef = B77F738D27348CA400400ECC /* AppDelegate.swift */; };
		B77F739027348CA400400ECC /* SceneDelegate.swift in Sources */ = {isa = PBXBuildFile; fileRef = B77F738F27348CA400400ECC /* SceneDelegate.swift */; };
		B77F739227348CA400400ECC /* ViewController.swift in Sources */ = {isa = PBXBuildFile; fileRef = B77F739127348CA400400ECC /* ViewController.swift */; };
		B77F739527348CA400400ECC /* Main.storyboard in Resources */ = {isa = PBXBuildFile; fileRef = B77F739327348CA400400ECC /* Main.storyboard */; };
		B77F739727348CA600400ECC /* Assets.xcassets in Resources */ = {isa = PBXBuildFile; fileRef = B77F739627348CA600400ECC /* Assets.xcassets */; };
		B77F739A27348CA600400ECC /* LaunchScreen.storyboard in Resources */ = {isa = PBXBuildFile; fileRef = B77F739827348CA600400ECC /* LaunchScreen.storyboard */; };
		B77F73A827348D9600400ECC /* MaintabController.swift in Sources */ = {isa = PBXBuildFile; fileRef = B77F73A727348D9600400ECC /* MaintabController.swift */; };
		B78A08F6273EB301000F4A8A /* RegistrationViewModel.swift in Sources */ = {isa = PBXBuildFile; fileRef = B78A08F5273EB301000F4A8A /* RegistrationViewModel.swift */; };
		B78A08F8273EB402000F4A8A /* LoginViewModel.swift in Sources */ = {isa = PBXBuildFile; fileRef = B78A08F7273EB402000F4A8A /* LoginViewModel.swift */; };
		B78A08FB273EECF8000F4A8A /* AuthenticationViewModelProtocol.swift in Sources */ = {isa = PBXBuildFile; fileRef = B78A08FA273EECF8000F4A8A /* AuthenticationViewModelProtocol.swift */; };
		B78A08FD273EEFB4000F4A8A /* FormViewModelProtocol.swift in Sources */ = {isa = PBXBuildFile; fileRef = B78A08FC273EEFB4000F4A8A /* FormViewModelProtocol.swift */; };
		B7B627592735A5DE00BB0E1D /* FeedController.swift in Sources */ = {isa = PBXBuildFile; fileRef = B7B627582735A5DE00BB0E1D /* FeedController.swift */; };
		B7B6275B2735A68000BB0E1D /* SearchController.swift in Sources */ = {isa = PBXBuildFile; fileRef = B7B6275A2735A68000BB0E1D /* SearchController.swift */; };
		B7B6275D2735A68D00BB0E1D /* ImageSelectorController.swift in Sources */ = {isa = PBXBuildFile; fileRef = B7B6275C2735A68D00BB0E1D /* ImageSelectorController.swift */; };
		B7B6275F2735A69700BB0E1D /* NotificationController.swift in Sources */ = {isa = PBXBuildFile; fileRef = B7B6275E2735A69700BB0E1D /* NotificationController.swift */; };
		B7B627612735A6A200BB0E1D /* ProfileController.swift in Sources */ = {isa = PBXBuildFile; fileRef = B7B627602735A6A200BB0E1D /* ProfileController.swift */; };
		B7D648DD273ADBFB001C5D72 /* LoginController.swift in Sources */ = {isa = PBXBuildFile; fileRef = B7D648DC273ADBFB001C5D72 /* LoginController.swift */; };
		B7D648DF273ADC04001C5D72 /* RegistrationController.swift in Sources */ = {isa = PBXBuildFile; fileRef = B7D648DE273ADC04001C5D72 /* RegistrationController.swift */; };
		B7FA4529273DB27500F2FA21 /* CustomTwoLabelsButton.swift in Sources */ = {isa = PBXBuildFile; fileRef = B7FA4528273DB27500F2FA21 /* CustomTwoLabelsButton.swift */; };
		B7FA452B273DB97D00F2FA21 /* CustomAuthButton.swift in Sources */ = {isa = PBXBuildFile; fileRef = B7FA452A273DB97D00F2FA21 /* CustomAuthButton.swift */; };
/* End PBXBuildFile section */

/* Begin PBXFileReference section */
		B71AABEC273C332C009FDF0E /* CustomTextField.swift */ = {isa = PBXFileReference; lastKnownFileType = sourcecode.swift; path = CustomTextField.swift; sourceTree = "<group>"; };
		B71AABEF273C3B51009FDF0E /* UIView.swift */ = {isa = PBXFileReference; lastKnownFileType = sourcecode.swift; path = UIView.swift; sourceTree = "<group>"; };
		B71AABF1273C3B7A009FDF0E /* UIButton.swift */ = {isa = PBXFileReference; lastKnownFileType = sourcecode.swift; path = UIButton.swift; sourceTree = "<group>"; };
		B71AABF3273C40D4009FDF0E /* UIViewController.swift */ = {isa = PBXFileReference; lastKnownFileType = sourcecode.swift; path = UIViewController.swift; sourceTree = "<group>"; };
		B73CD7A42735C5E200845682 /* FeedCell.swift */ = {isa = PBXFileReference; lastKnownFileType = sourcecode.swift; path = FeedCell.swift; sourceTree = "<group>"; };
		B73CD7A62735C71D00845682 /* Extensions.swift */ = {isa = PBXFileReference; lastKnownFileType = sourcecode.swift; path = Extensions.swift; sourceTree = "<group>"; };
		B77F738A27348CA400400ECC /* IntaFirestoreClone.app */ = {isa = PBXFileReference; explicitFileType = wrapper.application; includeInIndex = 0; path = IntaFirestoreClone.app; sourceTree = BUILT_PRODUCTS_DIR; };
		B77F738D27348CA400400ECC /* AppDelegate.swift */ = {isa = PBXFileReference; lastKnownFileType = sourcecode.swift; path = AppDelegate.swift; sourceTree = "<group>"; };
		B77F738F27348CA400400ECC /* SceneDelegate.swift */ = {isa = PBXFileReference; lastKnownFileType = sourcecode.swift; path = SceneDelegate.swift; sourceTree = "<group>"; };
		B77F739127348CA400400ECC /* ViewController.swift */ = {isa = PBXFileReference; lastKnownFileType = sourcecode.swift; path = ViewController.swift; sourceTree = "<group>"; };
		B77F739427348CA400400ECC /* Base */ = {isa = PBXFileReference; lastKnownFileType = file.storyboard; name = Base; path = Base.lproj/Main.storyboard; sourceTree = "<group>"; };
		B77F739627348CA600400ECC /* Assets.xcassets */ = {isa = PBXFileReference; lastKnownFileType = folder.assetcatalog; path = Assets.xcassets; sourceTree = "<group>"; };
		B77F739927348CA600400ECC /* Base */ = {isa = PBXFileReference; lastKnownFileType = file.storyboard; name = Base; path = Base.lproj/LaunchScreen.storyboard; sourceTree = "<group>"; };
		B77F739B27348CA600400ECC /* Info.plist */ = {isa = PBXFileReference; lastKnownFileType = text.plist.xml; path = Info.plist; sourceTree = "<group>"; };
		B77F73A727348D9600400ECC /* MaintabController.swift */ = {isa = PBXFileReference; lastKnownFileType = sourcecode.swift; path = MaintabController.swift; sourceTree = "<group>"; };
		B78A08F5273EB301000F4A8A /* RegistrationViewModel.swift */ = {isa = PBXFileReference; lastKnownFileType = sourcecode.swift; path = RegistrationViewModel.swift; sourceTree = "<group>"; };
		B78A08F7273EB402000F4A8A /* LoginViewModel.swift */ = {isa = PBXFileReference; lastKnownFileType = sourcecode.swift; path = LoginViewModel.swift; sourceTree = "<group>"; };
		B78A08FA273EECF8000F4A8A /* AuthenticationViewModelProtocol.swift */ = {isa = PBXFileReference; lastKnownFileType = sourcecode.swift; path = AuthenticationViewModelProtocol.swift; sourceTree = "<group>"; };
		B78A08FC273EEFB4000F4A8A /* FormViewModelProtocol.swift */ = {isa = PBXFileReference; lastKnownFileType = sourcecode.swift; path = FormViewModelProtocol.swift; sourceTree = "<group>"; };
		B7B627582735A5DE00BB0E1D /* FeedController.swift */ = {isa = PBXFileReference; lastKnownFileType = sourcecode.swift; path = FeedController.swift; sourceTree = "<group>"; };
		B7B6275A2735A68000BB0E1D /* SearchController.swift */ = {isa = PBXFileReference; lastKnownFileType = sourcecode.swift; path = SearchController.swift; sourceTree = "<group>"; };
		B7B6275C2735A68D00BB0E1D /* ImageSelectorController.swift */ = {isa = PBXFileReference; lastKnownFileType = sourcecode.swift; path = ImageSelectorController.swift; sourceTree = "<group>"; };
		B7B6275E2735A69700BB0E1D /* NotificationController.swift */ = {isa = PBXFileReference; lastKnownFileType = sourcecode.swift; path = NotificationController.swift; sourceTree = "<group>"; };
		B7B627602735A6A200BB0E1D /* ProfileController.swift */ = {isa = PBXFileReference; lastKnownFileType = sourcecode.swift; path = ProfileController.swift; sourceTree = "<group>"; };
		B7D648DC273ADBFB001C5D72 /* LoginController.swift */ = {isa = PBXFileReference; lastKnownFileType = sourcecode.swift; path = LoginController.swift; sourceTree = "<group>"; };
		B7D648DE273ADC04001C5D72 /* RegistrationController.swift */ = {isa = PBXFileReference; lastKnownFileType = sourcecode.swift; path = RegistrationController.swift; sourceTree = "<group>"; };
		B7FA4528273DB27500F2FA21 /* CustomTwoLabelsButton.swift */ = {isa = PBXFileReference; lastKnownFileType = sourcecode.swift; path = CustomTwoLabelsButton.swift; sourceTree = "<group>"; };
		B7FA452A273DB97D00F2FA21 /* CustomAuthButton.swift */ = {isa = PBXFileReference; lastKnownFileType = sourcecode.swift; path = CustomAuthButton.swift; sourceTree = "<group>"; };
/* End PBXFileReference section */

/* Begin PBXFrameworksBuildPhase section */
		B77F738727348CA400400ECC /* Frameworks */ = {
			isa = PBXFrameworksBuildPhase;
			buildActionMask = 2147483647;
			files = (
			);
			runOnlyForDeploymentPostprocessing = 0;
		};
/* End PBXFrameworksBuildPhase section */

/* Begin PBXGroup section */
		B71AABEE273C3B31009FDF0E /* Extensions */ = {
			isa = PBXGroup;
			children = (
				B71AABEF273C3B51009FDF0E /* UIView.swift */,
				B71AABF1273C3B7A009FDF0E /* UIButton.swift */,
				B71AABF3273C40D4009FDF0E /* UIViewController.swift */,
			);
			name = Extensions;
			sourceTree = "<group>";
		};
		B77F738127348CA300400ECC = {
			isa = PBXGroup;
			children = (
				B77F738C27348CA400400ECC /* IntaFirestoreClone */,
				B77F738B27348CA400400ECC /* Products */,
			);
			sourceTree = "<group>";
		};
		B77F738B27348CA400400ECC /* Products */ = {
			isa = PBXGroup;
			children = (
				B77F738A27348CA400400ECC /* IntaFirestoreClone.app */,
			);
			name = Products;
			sourceTree = "<group>";
		};
		B77F738C27348CA400400ECC /* IntaFirestoreClone */ = {
			isa = PBXGroup;
			children = (
				B71AABEE273C3B31009FDF0E /* Extensions */,
				B77F73A627348D0400400ECC /* Model */,
				B77F73A527348D0100400ECC /* View */,
				B77F73A427348CFE00400ECC /* ViewModel */,
				B77F73A327348CFB00400ECC /* Controller */,
				B77F73A227348CF900400ECC /* API */,
				B77F73A127348CF400400ECC /* Utils */,
				B77F738D27348CA400400ECC /* AppDelegate.swift */,
				B77F738F27348CA400400ECC /* SceneDelegate.swift */,
				B77F739127348CA400400ECC /* ViewController.swift */,
				B77F739327348CA400400ECC /* Main.storyboard */,
				B77F739627348CA600400ECC /* Assets.xcassets */,
				B77F739827348CA600400ECC /* LaunchScreen.storyboard */,
				B77F739B27348CA600400ECC /* Info.plist */,
			);
			path = IntaFirestoreClone;
			sourceTree = "<group>";
		};
		B77F73A127348CF400400ECC /* Utils */ = {
			isa = PBXGroup;
			children = (
				B73CD7A62735C71D00845682 /* Extensions.swift */,
			);
			path = Utils;
			sourceTree = "<group>";
		};
		B77F73A227348CF900400ECC /* API */ = {
			isa = PBXGroup;
			children = (
			);
			path = API;
			sourceTree = "<group>";
		};
		B77F73A327348CFB00400ECC /* Controller */ = {
			isa = PBXGroup;
			children = (
				B7D648DB273ADBD7001C5D72 /* Authentication */,
				B77F73A727348D9600400ECC /* MaintabController.swift */,
				B7B627582735A5DE00BB0E1D /* FeedController.swift */,
				B7B6275A2735A68000BB0E1D /* SearchController.swift */,
				B7B6275C2735A68D00BB0E1D /* ImageSelectorController.swift */,
				B7B6275E2735A69700BB0E1D /* NotificationController.swift */,
				B7B627602735A6A200BB0E1D /* ProfileController.swift */,
			);
			path = Controller;
			sourceTree = "<group>";
		};
		B77F73A427348CFE00400ECC /* ViewModel */ = {
			isa = PBXGroup;
			children = (
				B78A08F9273EEA0C000F4A8A /* Protocols */,
				B78A08F7273EB402000F4A8A /* LoginViewModel.swift */,
				B78A08F5273EB301000F4A8A /* RegistrationViewModel.swift */,
			);
			path = ViewModel;
			sourceTree = "<group>";
		};
		B77F73A527348D0100400ECC /* View */ = {
			isa = PBXGroup;
			children = (
				B73CD7A42735C5E200845682 /* FeedCell.swift */,
				B71AABEC273C332C009FDF0E /* CustomTextField.swift */,
			);
			path = View;
			sourceTree = "<group>";
		};
		B77F73A627348D0400400ECC /* Model */ = {
			isa = PBXGroup;
			children = (
			);
			path = Model;
			sourceTree = "<group>";
		};
		B78A08F9273EEA0C000F4A8A /* Protocols */ = {
			isa = PBXGroup;
			children = (
				B78A08FA273EECF8000F4A8A /* AuthenticationViewModelProtocol.swift */,
				B78A08FC273EEFB4000F4A8A /* FormViewModelProtocol.swift */,
			);
			path = Protocols;
			sourceTree = "<group>";
		};
		B7D648DB273ADBD7001C5D72 /* Authentication */ = {
			isa = PBXGroup;
			children = (
				B7FA4527273DB24800F2FA21 /* MakerFunctions */,
				B7D648DC273ADBFB001C5D72 /* LoginController.swift */,
				B7D648DE273ADC04001C5D72 /* RegistrationController.swift */,
			);
			name = Authentication;
			sourceTree = "<group>";
		};
		B7FA4527273DB24800F2FA21 /* MakerFunctions */ = {
			isa = PBXGroup;
			children = (
				B7FA4528273DB27500F2FA21 /* CustomTwoLabelsButton.swift */,
				B7FA452A273DB97D00F2FA21 /* CustomAuthButton.swift */,
			);
			name = MakerFunctions;
			sourceTree = "<group>";
		};
/* End PBXGroup section */

/* Begin PBXNativeTarget section */
		B77F738927348CA400400ECC /* IntaFirestoreClone */ = {
			isa = PBXNativeTarget;
			buildConfigurationList = B77F739E27348CA600400ECC /* Build configuration list for PBXNativeTarget "IntaFirestoreClone" */;
			buildPhases = (
				B77F738627348CA400400ECC /* Sources */,
				B77F738727348CA400400ECC /* Frameworks */,
				B77F738827348CA400400ECC /* Resources */,
			);
			buildRules = (
			);
			dependencies = (
			);
			name = IntaFirestoreClone;
			productName = IntaFirestoreClone;
			productReference = B77F738A27348CA400400ECC /* IntaFirestoreClone.app */;
			productType = "com.apple.product-type.application";
		};
/* End PBXNativeTarget section */

/* Begin PBXProject section */
		B77F738227348CA300400ECC /* Project object */ = {
			isa = PBXProject;
			attributes = {
				BuildIndependentTargetsInParallel = 1;
				LastSwiftUpdateCheck = 1310;
				LastUpgradeCheck = 1310;
				TargetAttributes = {
					B77F738927348CA400400ECC = {
						CreatedOnToolsVersion = 13.1;
					};
				};
			};
			buildConfigurationList = B77F738527348CA400400ECC /* Build configuration list for PBXProject "IntaFirestoreClone" */;
			compatibilityVersion = "Xcode 13.0";
			developmentRegion = en;
			hasScannedForEncodings = 0;
			knownRegions = (
				en,
				Base,
			);
			mainGroup = B77F738127348CA300400ECC;
			productRefGroup = B77F738B27348CA400400ECC /* Products */;
			projectDirPath = "";
			projectRoot = "";
			targets = (
				B77F738927348CA400400ECC /* IntaFirestoreClone */,
			);
		};
/* End PBXProject section */

/* Begin PBXResourcesBuildPhase section */
		B77F738827348CA400400ECC /* Resources */ = {
			isa = PBXResourcesBuildPhase;
			buildActionMask = 2147483647;
			files = (
				B77F739A27348CA600400ECC /* LaunchScreen.storyboard in Resources */,
				B77F739727348CA600400ECC /* Assets.xcassets in Resources */,
				B77F739527348CA400400ECC /* Main.storyboard in Resources */,
			);
			runOnlyForDeploymentPostprocessing = 0;
		};
/* End PBXResourcesBuildPhase section */

/* Begin PBXSourcesBuildPhase section */
		B77F738627348CA400400ECC /* Sources */ = {
			isa = PBXSourcesBuildPhase;
			buildActionMask = 2147483647;
			files = (
				B71AABED273C332C009FDF0E /* CustomTextField.swift in Sources */,
				B77F739227348CA400400ECC /* ViewController.swift in Sources */,
				B78A08F8273EB402000F4A8A /* LoginViewModel.swift in Sources */,
				B7FA4529273DB27500F2FA21 /* CustomTwoLabelsButton.swift in Sources */,
				B7D648DD273ADBFB001C5D72 /* LoginController.swift in Sources */,
				B71AABF2273C3B7A009FDF0E /* UIButton.swift in Sources */,
				B73CD7A52735C5E200845682 /* FeedCell.swift in Sources */,
				B7FA452B273DB97D00F2FA21 /* CustomAuthButton.swift in Sources */,
				B7B6275D2735A68D00BB0E1D /* ImageSelectorController.swift in Sources */,
				B7B6275F2735A69700BB0E1D /* NotificationController.swift in Sources */,
				B7B6275B2735A68000BB0E1D /* SearchController.swift in Sources */,
				B71AABF4273C40D4009FDF0E /* UIViewController.swift in Sources */,
				B77F738E27348CA400400ECC /* AppDelegate.swift in Sources */,
				B7B627612735A6A200BB0E1D /* ProfileController.swift in Sources */,
				B7B627592735A5DE00BB0E1D /* FeedController.swift in Sources */,
				B71AABF0273C3B51009FDF0E /* UIView.swift in Sources */,
				B78A08FD273EEFB4000F4A8A /* FormViewModelProtocol.swift in Sources */,
				B77F73A827348D9600400ECC /* MaintabController.swift in Sources */,
				B78A08F6273EB301000F4A8A /* RegistrationViewModel.swift in Sources */,
				B73CD7A72735C71D00845682 /* Extensions.swift in Sources */,
				B77F739027348CA400400ECC /* SceneDelegate.swift in Sources */,
				B78A08FB273EECF8000F4A8A /* AuthenticationViewModelProtocol.swift in Sources */,
				B7D648DF273ADC04001C5D72 /* RegistrationController.swift in Sources */,
			);
			runOnlyForDeploymentPostprocessing = 0;
		};
/* End PBXSourcesBuildPhase section */

/* Begin PBXVariantGroup section */
		B77F739327348CA400400ECC /* Main.storyboard */ = {
			isa = PBXVariantGroup;
			children = (
				B77F739427348CA400400ECC /* Base */,
			);
			name = Main.storyboard;
			sourceTree = "<group>";
		};
		B77F739827348CA600400ECC /* LaunchScreen.storyboard */ = {
			isa = PBXVariantGroup;
			children = (
				B77F739927348CA600400ECC /* Base */,
			);
			name = LaunchScreen.storyboard;
			sourceTree = "<group>";
		};
/* End PBXVariantGroup section */

/* Begin XCBuildConfiguration section */
		B77F739C27348CA600400ECC /* Debug */ = {
			isa = XCBuildConfiguration;
			buildSettings = {
				ALWAYS_SEARCH_USER_PATHS = NO;
				CLANG_ANALYZER_NONNULL = YES;
				CLANG_ANALYZER_NUMBER_OBJECT_CONVERSION = YES_AGGRESSIVE;
				CLANG_CXX_LANGUAGE_STANDARD = "gnu++17";
				CLANG_CXX_LIBRARY = "libc++";
				CLANG_ENABLE_MODULES = YES;
				CLANG_ENABLE_OBJC_ARC = YES;
				CLANG_ENABLE_OBJC_WEAK = YES;
				CLANG_WARN_BLOCK_CAPTURE_AUTORELEASING = YES;
				CLANG_WARN_BOOL_CONVERSION = YES;
				CLANG_WARN_COMMA = YES;
				CLANG_WARN_CONSTANT_CONVERSION = YES;
				CLANG_WARN_DEPRECATED_OBJC_IMPLEMENTATIONS = YES;
				CLANG_WARN_DIRECT_OBJC_ISA_USAGE = YES_ERROR;
				CLANG_WARN_DOCUMENTATION_COMMENTS = YES;
				CLANG_WARN_EMPTY_BODY = YES;
				CLANG_WARN_ENUM_CONVERSION = YES;
				CLANG_WARN_INFINITE_RECURSION = YES;
				CLANG_WARN_INT_CONVERSION = YES;
				CLANG_WARN_NON_LITERAL_NULL_CONVERSION = YES;
				CLANG_WARN_OBJC_IMPLICIT_RETAIN_SELF = YES;
				CLANG_WARN_OBJC_LITERAL_CONVERSION = YES;
				CLANG_WARN_OBJC_ROOT_CLASS = YES_ERROR;
				CLANG_WARN_QUOTED_INCLUDE_IN_FRAMEWORK_HEADER = YES;
				CLANG_WARN_RANGE_LOOP_ANALYSIS = YES;
				CLANG_WARN_STRICT_PROTOTYPES = YES;
				CLANG_WARN_SUSPICIOUS_MOVE = YES;
				CLANG_WARN_UNGUARDED_AVAILABILITY = YES_AGGRESSIVE;
				CLANG_WARN_UNREACHABLE_CODE = YES;
				CLANG_WARN__DUPLICATE_METHOD_MATCH = YES;
				COPY_PHASE_STRIP = NO;
				DEBUG_INFORMATION_FORMAT = dwarf;
				ENABLE_STRICT_OBJC_MSGSEND = YES;
				ENABLE_TESTABILITY = YES;
				GCC_C_LANGUAGE_STANDARD = gnu11;
				GCC_DYNAMIC_NO_PIC = NO;
				GCC_NO_COMMON_BLOCKS = YES;
				GCC_OPTIMIZATION_LEVEL = 0;
				GCC_PREPROCESSOR_DEFINITIONS = (
					"DEBUG=1",
					"$(inherited)",
				);
				GCC_WARN_64_TO_32_BIT_CONVERSION = YES;
				GCC_WARN_ABOUT_RETURN_TYPE = YES_ERROR;
				GCC_WARN_UNDECLARED_SELECTOR = YES;
				GCC_WARN_UNINITIALIZED_AUTOS = YES_AGGRESSIVE;
				GCC_WARN_UNUSED_FUNCTION = YES;
				GCC_WARN_UNUSED_VARIABLE = YES;
				IPHONEOS_DEPLOYMENT_TARGET = 15.0;
				MTL_ENABLE_DEBUG_INFO = INCLUDE_SOURCE;
				MTL_FAST_MATH = YES;
				ONLY_ACTIVE_ARCH = YES;
				SDKROOT = iphoneos;
				SWIFT_ACTIVE_COMPILATION_CONDITIONS = DEBUG;
				SWIFT_OPTIMIZATION_LEVEL = "-Onone";
			};
			name = Debug;
		};
		B77F739D27348CA600400ECC /* Release */ = {
			isa = XCBuildConfiguration;
			buildSettings = {
				ALWAYS_SEARCH_USER_PATHS = NO;
				CLANG_ANALYZER_NONNULL = YES;
				CLANG_ANALYZER_NUMBER_OBJECT_CONVERSION = YES_AGGRESSIVE;
				CLANG_CXX_LANGUAGE_STANDARD = "gnu++17";
				CLANG_CXX_LIBRARY = "libc++";
				CLANG_ENABLE_MODULES = YES;
				CLANG_ENABLE_OBJC_ARC = YES;
				CLANG_ENABLE_OBJC_WEAK = YES;
				CLANG_WARN_BLOCK_CAPTURE_AUTORELEASING = YES;
				CLANG_WARN_BOOL_CONVERSION = YES;
				CLANG_WARN_COMMA = YES;
				CLANG_WARN_CONSTANT_CONVERSION = YES;
				CLANG_WARN_DEPRECATED_OBJC_IMPLEMENTATIONS = YES;
				CLANG_WARN_DIRECT_OBJC_ISA_USAGE = YES_ERROR;
				CLANG_WARN_DOCUMENTATION_COMMENTS = YES;
				CLANG_WARN_EMPTY_BODY = YES;
				CLANG_WARN_ENUM_CONVERSION = YES;
				CLANG_WARN_INFINITE_RECURSION = YES;
				CLANG_WARN_INT_CONVERSION = YES;
				CLANG_WARN_NON_LITERAL_NULL_CONVERSION = YES;
				CLANG_WARN_OBJC_IMPLICIT_RETAIN_SELF = YES;
				CLANG_WARN_OBJC_LITERAL_CONVERSION = YES;
				CLANG_WARN_OBJC_ROOT_CLASS = YES_ERROR;
				CLANG_WARN_QUOTED_INCLUDE_IN_FRAMEWORK_HEADER = YES;
				CLANG_WARN_RANGE_LOOP_ANALYSIS = YES;
				CLANG_WARN_STRICT_PROTOTYPES = YES;
				CLANG_WARN_SUSPICIOUS_MOVE = YES;
				CLANG_WARN_UNGUARDED_AVAILABILITY = YES_AGGRESSIVE;
				CLANG_WARN_UNREACHABLE_CODE = YES;
				CLANG_WARN__DUPLICATE_METHOD_MATCH = YES;
				COPY_PHASE_STRIP = NO;
				DEBUG_INFORMATION_FORMAT = "dwarf-with-dsym";
				ENABLE_NS_ASSERTIONS = NO;
				ENABLE_STRICT_OBJC_MSGSEND = YES;
				GCC_C_LANGUAGE_STANDARD = gnu11;
				GCC_NO_COMMON_BLOCKS = YES;
				GCC_WARN_64_TO_32_BIT_CONVERSION = YES;
				GCC_WARN_ABOUT_RETURN_TYPE = YES_ERROR;
				GCC_WARN_UNDECLARED_SELECTOR = YES;
				GCC_WARN_UNINITIALIZED_AUTOS = YES_AGGRESSIVE;
				GCC_WARN_UNUSED_FUNCTION = YES;
				GCC_WARN_UNUSED_VARIABLE = YES;
				IPHONEOS_DEPLOYMENT_TARGET = 15.0;
				MTL_ENABLE_DEBUG_INFO = NO;
				MTL_FAST_MATH = YES;
				SDKROOT = iphoneos;
				SWIFT_COMPILATION_MODE = wholemodule;
				SWIFT_OPTIMIZATION_LEVEL = "-O";
				VALIDATE_PRODUCT = YES;
			};
			name = Release;
		};
		B77F739F27348CA600400ECC /* Debug */ = {
			isa = XCBuildConfiguration;
			buildSettings = {
				ASSETCATALOG_COMPILER_APPICON_NAME = AppIcon;
				ASSETCATALOG_COMPILER_GLOBAL_ACCENT_COLOR_NAME = AccentColor;
				CODE_SIGN_STYLE = Automatic;
				CURRENT_PROJECT_VERSION = 1;
				DEVELOPMENT_TEAM = 7S94JX43MW;
				GENERATE_INFOPLIST_FILE = YES;
				INFOPLIST_FILE = IntaFirestoreClone/Info.plist;
				INFOPLIST_KEY_UIApplicationSupportsIndirectInputEvents = YES;
				INFOPLIST_KEY_UILaunchStoryboardName = LaunchScreen;
				INFOPLIST_KEY_UIMainStoryboardFile = Main;
				INFOPLIST_KEY_UISupportedInterfaceOrientations_iPad = "UIInterfaceOrientationPortrait UIInterfaceOrientationPortraitUpsideDown UIInterfaceOrientationLandscapeLeft UIInterfaceOrientationLandscapeRight";
				INFOPLIST_KEY_UISupportedInterfaceOrientations_iPhone = "UIInterfaceOrientationPortrait UIInterfaceOrientationLandscapeLeft UIInterfaceOrientationLandscapeRight";
				LD_RUNPATH_SEARCH_PATHS = (
					"$(inherited)",
					"@executable_path/Frameworks",
				);
				MARKETING_VERSION = 1.0;
				PRODUCT_BUNDLE_IDENTIFIER = dev.filipemarques.IntaFirestoreClone;
				PRODUCT_NAME = "$(TARGET_NAME)";
				SWIFT_EMIT_LOC_STRINGS = YES;
				SWIFT_VERSION = 5.0;
				TARGETED_DEVICE_FAMILY = "1,2";
			};
			name = Debug;
		};
		B77F73A027348CA600400ECC /* Release */ = {
			isa = XCBuildConfiguration;
			buildSettings = {
				ASSETCATALOG_COMPILER_APPICON_NAME = AppIcon;
				ASSETCATALOG_COMPILER_GLOBAL_ACCENT_COLOR_NAME = AccentColor;
				CODE_SIGN_STYLE = Automatic;
				CURRENT_PROJECT_VERSION = 1;
				DEVELOPMENT_TEAM = 7S94JX43MW;
				GENERATE_INFOPLIST_FILE = YES;
				INFOPLIST_FILE = IntaFirestoreClone/Info.plist;
				INFOPLIST_KEY_UIApplicationSupportsIndirectInputEvents = YES;
				INFOPLIST_KEY_UILaunchStoryboardName = LaunchScreen;
				INFOPLIST_KEY_UIMainStoryboardFile = Main;
				INFOPLIST_KEY_UISupportedInterfaceOrientations_iPad = "UIInterfaceOrientationPortrait UIInterfaceOrientationPortraitUpsideDown UIInterfaceOrientationLandscapeLeft UIInterfaceOrientationLandscapeRight";
				INFOPLIST_KEY_UISupportedInterfaceOrientations_iPhone = "UIInterfaceOrientationPortrait UIInterfaceOrientationLandscapeLeft UIInterfaceOrientationLandscapeRight";
				LD_RUNPATH_SEARCH_PATHS = (
					"$(inherited)",
					"@executable_path/Frameworks",
				);
				MARKETING_VERSION = 1.0;
				PRODUCT_BUNDLE_IDENTIFIER = dev.filipemarques.IntaFirestoreClone;
				PRODUCT_NAME = "$(TARGET_NAME)";
				SWIFT_EMIT_LOC_STRINGS = YES;
				SWIFT_VERSION = 5.0;
				TARGETED_DEVICE_FAMILY = "1,2";
			};
			name = Release;
		};
/* End XCBuildConfiguration section */

/* Begin XCConfigurationList section */
		B77F738527348CA400400ECC /* Build configuration list for PBXProject "IntaFirestoreClone" */ = {
			isa = XCConfigurationList;
			buildConfigurations = (
				B77F739C27348CA600400ECC /* Debug */,
				B77F739D27348CA600400ECC /* Release */,
			);
			defaultConfigurationIsVisible = 0;
			defaultConfigurationName = Release;
		};
		B77F739E27348CA600400ECC /* Build configuration list for PBXNativeTarget "IntaFirestoreClone" */ = {
			isa = XCConfigurationList;
			buildConfigurations = (
				B77F739F27348CA600400ECC /* Debug */,
				B77F73A027348CA600400ECC /* Release */,
			);
			defaultConfigurationIsVisible = 0;
			defaultConfigurationName = Release;
		};
/* End XCConfigurationList section */
	};
	rootObject = B77F738227348CA300400ECC /* Project object */;
}
